
Microsoft Visual Studio Solution File, Format Version 12.00
# Visual Studio Version 16
VisualStudioVersion = 16.0.808.3
MinimumVisualStudioVersion = 10.0.40219.1
Project("{FAE04EC0-301F-11D3-BF4B-00C04F79EFBC}") = "intuit-interview-a4a-server", "intuit-interview-a4a-server.csproj", "{C068CC98-9598-4E2F-8C31-BB8F904A4918}"
EndProject
Project("{FAE04EC0-301F-11D3-BF4B-00C04F79EFBC}") = "intuit-interview-a4a-server-test", "intuit-interview-a4a-server-test\intuit-interview-a4a-server-test.csproj", "{719557A9-4685-4FEB-88A3-A77D3C3C30A6}"
EndProject
Global
	GlobalSection(SolutionConfigurationPlatforms) = preSolution
		Debug|Any CPU = Debug|Any CPU
		Release|Any CPU = Release|Any CPU
	EndGlobalSection
	GlobalSection(ProjectConfigurationPlatforms) = postSolution
		{C068CC98-9598-4E2F-8C31-BB8F904A4918}.Debug|Any CPU.ActiveCfg = Debug|Any CPU
		{C068CC98-9598-4E2F-8C31-BB8F904A4918}.Debug|Any CPU.Build.0 = Debug|Any CPU
		{C068CC98-9598-4E2F-8C31-BB8F904A4918}.Release|Any CPU.ActiveCfg = Release|Any CPU
		{C068CC98-9598-4E2F-8C31-BB8F904A4918}.Release|Any CPU.Build.0 = Release|Any CPU
		{719557A9-4685-4FEB-88A3-A77D3C3C30A6}.Debug|Any CPU.ActiveCfg = Debug|Any CPU
		{719557A9-4685-4FEB-88A3-A77D3C3C30A6}.Debug|Any CPU.Build.0 = Debug|Any CPU
		{719557A9-4685-4FEB-88A3-A77D3C3C30A6}.Release|Any CPU.ActiveCfg = Release|Any CPU
		{719557A9-4685-4FEB-88A3-A77D3C3C30A6}.Release|Any CPU.Build.0 = Release|Any CPU
	EndGlobalSection
	GlobalSection(SolutionProperties) = preSolution
		HideSolutionNode = FALSE
	EndGlobalSection
	GlobalSection(ExtensibilityGlobals) = postSolution
		SolutionGuid = {352A9231-8A3D-450E-B286-F43D13DE31CE}
	EndGlobalSection
EndGlobal
